
Microsoft Visual Studio Solution File, Format Version 12.00
# Visual Studio Version 16
VisualStudioVersion = 16.0.31005.135
MinimumVisualStudioVersion = 10.0.40219.1
Project("{FAE04EC0-301F-11D3-BF4B-00C04F79EFBC}") = "MeuDojo", "MeuDojo\MeuDojo.csproj", "{762D1654-4AD1-484E-98BA-485D100C0000}"
EndProject
Global
	GlobalSection(SolutionConfigurationPlatforms) = preSolution
		Debug|Any CPU = Debug|Any CPU
		Release|Any CPU = Release|Any CPU
	EndGlobalSection
	GlobalSection(ProjectConfigurationPlatforms) = postSolution
		{762D1654-4AD1-484E-98BA-485D100C0000}.Debug|Any CPU.ActiveCfg = Debug|Any CPU
		{762D1654-4AD1-484E-98BA-485D100C0000}.Debug|Any CPU.Build.0 = Debug|Any CPU
		{762D1654-4AD1-484E-98BA-485D100C0000}.Release|Any CPU.ActiveCfg = Release|Any CPU
		{762D1654-4AD1-484E-98BA-485D100C0000}.Release|Any CPU.Build.0 = Release|Any CPU
	EndGlobalSection
	GlobalSection(SolutionProperties) = preSolution
		HideSolutionNode = FALSE
	EndGlobalSection
	GlobalSection(ExtensibilityGlobals) = postSolution
		SolutionGuid = {F0A444D9-8DCA-4AFB-8EC4-B8D893D84BB1}
	EndGlobalSection
EndGlobal
